
Microsoft Visual Studio Solution File, Format Version 12.00
# Visual Studio 14
VisualStudioVersion = 14.0.24720.0
MinimumVisualStudioVersion = 10.0.40219.1
Project("{2150E333-8FDC-42A3-9474-1A3956D46DE8}") = "Solution Items", "Solution Items", "{70AC55C5-5133-40E1-82B0-E570B7E075A3}"
	ProjectSection(SolutionItems) = preProject
		TextTemplatingOnBuild.targets = TextTemplatingOnBuild.targets
	EndProjectSection
EndProject
Project("{FAE04EC0-301F-11D3-BF4B-00C04F79EFBC}") = "Task", "Task\Task.csproj", "{B8619F3C-6AEA-4FC2-9D78-EDC3B277F16B}"
EndProject
Project("{FAE04EC0-301F-11D3-BF4B-00C04F79EFBC}") = "Nomenclature", "Nomenclature\Nomenclature.csproj", "{8CB2120B-780B-45C6-B6D6-DFE8C978CB63}"
EndProject
Project("{FAE04EC0-301F-11D3-BF4B-00C04F79EFBC}") = "Nom1", "Nom1\Nom1.csproj", "{3C034E8B-1099-4054-A2C9-880D7610F038}"
EndProject
Global
	GlobalSection(SolutionConfigurationPlatforms) = preSolution
		Debug|Any CPU = Debug|Any CPU
		Release|Any CPU = Release|Any CPU
	EndGlobalSection
	GlobalSection(ProjectConfigurationPlatforms) = postSolution
		{B8619F3C-6AEA-4FC2-9D78-EDC3B277F16B}.Debug|Any CPU.ActiveCfg = Debug|Any CPU
		{B8619F3C-6AEA-4FC2-9D78-EDC3B277F16B}.Debug|Any CPU.Build.0 = Debug|Any CPU
		{B8619F3C-6AEA-4FC2-9D78-EDC3B277F16B}.Release|Any CPU.ActiveCfg = Release|Any CPU
		{B8619F3C-6AEA-4FC2-9D78-EDC3B277F16B}.Release|Any CPU.Build.0 = Release|Any CPU
		{8CB2120B-780B-45C6-B6D6-DFE8C978CB63}.Debug|Any CPU.ActiveCfg = Debug|Any CPU
		{8CB2120B-780B-45C6-B6D6-DFE8C978CB63}.Debug|Any CPU.Build.0 = Debug|Any CPU
		{8CB2120B-780B-45C6-B6D6-DFE8C978CB63}.Release|Any CPU.ActiveCfg = Release|Any CPU
		{8CB2120B-780B-45C6-B6D6-DFE8C978CB63}.Release|Any CPU.Build.0 = Release|Any CPU
		{3C034E8B-1099-4054-A2C9-880D7610F038}.Debug|Any CPU.ActiveCfg = Debug|Any CPU
		{3C034E8B-1099-4054-A2C9-880D7610F038}.Debug|Any CPU.Build.0 = Debug|Any CPU
		{3C034E8B-1099-4054-A2C9-880D7610F038}.Release|Any CPU.ActiveCfg = Release|Any CPU
		{3C034E8B-1099-4054-A2C9-880D7610F038}.Release|Any CPU.Build.0 = Release|Any CPU
	EndGlobalSection
	GlobalSection(SolutionProperties) = preSolution
		HideSolutionNode = FALSE
	EndGlobalSection
EndGlobal
